{
  "projects": [
    {
      "projectId": "marRSFqQwX6qmgsS5vTWj",
      "version": "latest",
      "dependencies": {},
      "lang": "ts",
      "fileLocks": [
        {
          "type": "globalVariant",
          "assetId": "BoX-3rcDgA0a6O",
          "checksum": "7e9095889bb6d40cef63c75091738be4"
        },
        {
          "type": "renderModule",
          "assetId": "BTnbOS0Gv9iLi",
          "checksum": "66067c3dea41c73789f4a189bd50bb42"
        },
        {
          "type": "cssRules",
          "assetId": "BTnbOS0Gv9iLi",
          "checksum": "66067c3dea41c73789f4a189bd50bb42"
        },
        {
          "type": "renderModule",
          "assetId": "yWLjFzWxUuek1",
          "checksum": "1d8b66bc6b84833d3f347805c77bac6e"
        },
        {
          "type": "cssRules",
          "assetId": "yWLjFzWxUuek1",
          "checksum": "1d8b66bc6b84833d3f347805c77bac6e"
        },
        {
          "type": "renderModule",
          "assetId": "nlqA5pbN9rjwz",
          "checksum": "fa5ff32edff4402b6c7d674cddcfa9ad"
        },
        {
          "type": "cssRules",
          "assetId": "nlqA5pbN9rjwz",
          "checksum": "fa5ff32edff4402b6c7d674cddcfa9ad"
        },
        {
          "type": "renderModule",
          "assetId": "LW50Opyl_wWQb",
          "checksum": "bcaf9a6cbe676d4a3ee26af1f32ed7b5"
        },
        {
          "type": "cssRules",
          "assetId": "LW50Opyl_wWQb",
          "checksum": "bcaf9a6cbe676d4a3ee26af1f32ed7b5"
        },
        {
          "type": "renderModule",
          "assetId": "H0T_MehqSnX3S",
          "checksum": "31b6a71cd70c897956c6c608770f4d12"
        },
        {
          "type": "cssRules",
          "assetId": "H0T_MehqSnX3S",
          "checksum": "31b6a71cd70c897956c6c608770f4d12"
        },
        {
          "type": "renderModule",
          "assetId": "JkG0P1s48eDL5",
          "checksum": "902e349c18211f9b19aab483af4b4858"
        },
        {
          "type": "cssRules",
          "assetId": "JkG0P1s48eDL5",
          "checksum": "902e349c18211f9b19aab483af4b4858"
        },
        {
          "type": "renderModule",
          "assetId": "OZFy67lXP-VYwG",
          "checksum": "c303e003119c1d5666992793db7bc768"
        },
        {
          "type": "cssRules",
          "assetId": "OZFy67lXP-VYwG",
          "checksum": "c303e003119c1d5666992793db7bc768"
        },
        {
          "type": "renderModule",
          "assetId": "VdYqCHJ2GB0LrI",
          "checksum": "ad7203c46ac0bbd1b518b5c29942a639"
        },
        {
          "type": "cssRules",
          "assetId": "VdYqCHJ2GB0LrI",
          "checksum": "ad7203c46ac0bbd1b518b5c29942a639"
        },
        {
          "type": "renderModule",
          "assetId": "inU09YRo5e6ubH",
          "checksum": "e65db9061e3e79fd9c5885fe4b6fa8cc"
        },
        {
          "type": "cssRules",
          "assetId": "inU09YRo5e6ubH",
          "checksum": "e65db9061e3e79fd9c5885fe4b6fa8cc"
        },
        {
          "type": "renderModule",
          "assetId": "4rkB8dnu6XAoYl",
          "checksum": "15a231e97161adf7096ca769463e8085"
        },
        {
          "type": "cssRules",
          "assetId": "4rkB8dnu6XAoYl",
          "checksum": "15a231e97161adf7096ca769463e8085"
        },
        {
          "type": "renderModule",
          "assetId": "NSyfYAzewxiaej",
          "checksum": "923e084ed51a3b8f85f246b625ba0360"
        },
        {
          "type": "cssRules",
          "assetId": "NSyfYAzewxiaej",
          "checksum": "923e084ed51a3b8f85f246b625ba0360"
        },
        {
          "type": "renderModule",
          "assetId": "gX502w3JPF43f0",
          "checksum": "f2bef41bb0b353c8888989b4bfc749e3"
        },
        {
          "type": "cssRules",
          "assetId": "gX502w3JPF43f0",
          "checksum": "f2bef41bb0b353c8888989b4bfc749e3"
        },
        {
          "type": "renderModule",
          "assetId": "pbL0S3Fx1H_soD",
          "checksum": "3818830686fa15a847914e59f4ec18fa"
        },
        {
          "type": "cssRules",
          "assetId": "pbL0S3Fx1H_soD",
          "checksum": "3818830686fa15a847914e59f4ec18fa"
        },
        {
          "type": "renderModule",
          "assetId": "0gyvc7e6N-v0hr",
          "checksum": "5a222dd1856ad86bbc01aae112ed3aaa"
        },
        {
          "type": "cssRules",
          "assetId": "0gyvc7e6N-v0hr",
          "checksum": "5a222dd1856ad86bbc01aae112ed3aaa"
        },
        {
          "type": "renderModule",
          "assetId": "EZao29aqsr7AVd",
          "checksum": "7ff0665b712c86cb18875c084209d266"
        },
        {
          "type": "cssRules",
          "assetId": "EZao29aqsr7AVd",
          "checksum": "7ff0665b712c86cb18875c084209d266"
        },
        {
          "type": "renderModule",
          "assetId": "kW_j5ubCsqPjDV",
          "checksum": "57dd3bac1145157771e687f14bbf518f"
        },
        {
          "type": "cssRules",
          "assetId": "kW_j5ubCsqPjDV",
          "checksum": "57dd3bac1145157771e687f14bbf518f"
        },
        {
          "type": "renderModule",
          "assetId": "-qTniLngs2GI_j",
          "checksum": "990ad210bfcbf9dbc0de43286b3ffdf0"
        },
        {
          "type": "cssRules",
          "assetId": "-qTniLngs2GI_j",
          "checksum": "990ad210bfcbf9dbc0de43286b3ffdf0"
        },
        {
          "type": "renderModule",
          "assetId": "boMVeqfPsBYjcn",
          "checksum": "c5c2858bef9d1cf42fcf3f5b9ec1e35f"
        },
        {
          "type": "cssRules",
          "assetId": "boMVeqfPsBYjcn",
          "checksum": "c5c2858bef9d1cf42fcf3f5b9ec1e35f"
        },
        {
          "type": "renderModule",
          "assetId": "X0XRywg6_JZeon",
          "checksum": "22bc34b954738e417f279e21d8059f78"
        },
        {
          "type": "cssRules",
          "assetId": "X0XRywg6_JZeon",
          "checksum": "22bc34b954738e417f279e21d8059f78"
        },
        {
          "type": "renderModule",
          "assetId": "XlgdbmkwhHMXge",
          "checksum": "e9a6b488746bec687f42436a8bdd83b8"
        },
        {
          "type": "cssRules",
          "assetId": "XlgdbmkwhHMXge",
          "checksum": "e9a6b488746bec687f42436a8bdd83b8"
        },
        {
          "type": "renderModule",
          "assetId": "5Et19WMMuTo-Oh",
          "checksum": "f13f9e49ca728cb51a29102030e2c95a"
        },
        {
          "type": "cssRules",
          "assetId": "5Et19WMMuTo-Oh",
          "checksum": "f13f9e49ca728cb51a29102030e2c95a"
        },
        {
          "type": "renderModule",
          "assetId": "wB5nAuN7DIRh10",
          "checksum": "142e0cd7780deed9d32d4b7b790b2cc3"
        },
        {
          "type": "cssRules",
          "assetId": "wB5nAuN7DIRh10",
          "checksum": "142e0cd7780deed9d32d4b7b790b2cc3"
        },
        {
          "type": "renderModule",
          "assetId": "-uKrvthecf1BGm",
          "checksum": "84b31148b71ecf1d920f3abde83efb12"
        },
        {
          "type": "cssRules",
          "assetId": "-uKrvthecf1BGm",
          "checksum": "84b31148b71ecf1d920f3abde83efb12"
        },
        {
          "type": "icon",
          "assetId": "ki9OdJ413nFLyV",
          "checksum": "165c0db26ab399eba06e192cf4edfbdb"
        },
        {
          "type": "icon",
          "assetId": "6fEnb6NAgv9orA",
          "checksum": "8478e6320d156d05f01d77c404800f3b"
        },
        {
          "type": "icon",
          "assetId": "Atm7-JWpf5F15K",
          "checksum": "1d1bb3a94a4134341eb08bf1cb0e4f45"
        },
        {
          "type": "icon",
          "assetId": "VKObUHGgNTlWrj",
          "checksum": "2a6689bd29538969d1b99c1078e60a88"
        },
        {
          "type": "icon",
          "assetId": "ooNtLz_mbyY3Sr",
          "checksum": "38eb40a2abfdb4cf668783ef9210f92a"
        },
        {
          "type": "icon",
          "assetId": "kk9gX9stERg0oN",
          "checksum": "a4ada53e8ba87bdf149bc76c744af496"
        },
        {
          "type": "icon",
          "assetId": "aJGrlvSbtpHrDc",
          "checksum": "9f80bef00e95ec18eaa82e78215a2e07"
        },
        {
          "type": "icon",
          "assetId": "wbXjE_6J5bQQf4",
          "checksum": "3991fddf4c6736704afc6c31cca7d5c0"
        },
        {
          "type": "icon",
          "assetId": "MlaSC40LIQPBdz",
          "checksum": "f6399b968f47ef1ab87b392049cae142"
        },
        {
          "type": "icon",
          "assetId": "azujN2UTEkgK23",
          "checksum": "892a359bb870a15dfdf7dc8252c34d8c"
        },
        {
          "type": "icon",
          "assetId": "61h-uzWqNKvT5f",
          "checksum": "94d57dd9ed4b1ee103e780be1183757c"
        },
        {
          "type": "icon",
          "assetId": "MGKawn7J-fOBDJ",
          "checksum": "c3fa002ed080f42decc6bf0caad15722"
        },
        {
          "type": "icon",
          "assetId": "dWoruBfXRqVyNV",
          "checksum": "d7b569a7ecaf8c93ddea1cb99dbe4113"
        },
        {
          "type": "icon",
          "assetId": "S9mq4Agh-nFfhS",
          "checksum": "065fad9e80ed92731cccefd9db7d4977"
        },
        {
          "type": "icon",
          "assetId": "_R2SfI3XFWxjPE",
          "checksum": "6716ca594b1eb4b3244b6651faded1e0"
        },
        {
          "type": "icon",
          "assetId": "TpeTnbOsPUaKQ-",
          "checksum": "6a08cf1f4db52aba92a61251bccb4d99"
        },
        {
          "type": "image",
          "assetId": "lRZR-fKbyHuWQi",
          "checksum": "b2bafe40b1a49dc6320dcf1553ca4929"
        },
        {
          "type": "image",
          "assetId": "hz0ivQCQdwhFwY",
          "checksum": "928d5f9d7525c0133c8f8d99a718f021"
        },
        {
          "type": "image",
          "assetId": "xfkEao0bzo0zUr",
          "checksum": "4cd258386a192cf6763a8acbe093d25b"
        },
        {
          "type": "image",
          "assetId": "7Zj5mWJNBQ8YDF",
          "checksum": "96b863d501682a25ecac5404885ee4a7"
        },
        {
          "type": "image",
          "assetId": "mSTPR__BZFI5ti",
          "checksum": "886b68d4477ad0a3f1c33c8af9633d37"
        },
        {
          "type": "image",
          "assetId": "_u-80suF9epQ-Y",
          "checksum": "8fe85205e30730c00a408d27eb4fb6ef"
        },
        {
          "type": "image",
          "assetId": "6fiINoN4hp4l4S",
          "checksum": "e624d978f37b320937ee767c900b7636"
        },
        {
          "type": "image",
          "assetId": "W8zLEjDpaZMUvE",
          "checksum": "83cbbcb57866e727ec30c42928fa46d0"
        },
        {
          "type": "image",
          "assetId": "oJhOoMz5m74an8",
          "checksum": "fcbcf296ab51f500e0f3bb8c60751146"
        },
        {
          "type": "image",
          "assetId": "Rjn8sC3MjSIcQ2",
          "checksum": "f9053083b493d32c9d5788532143abde"
        },
        {
          "type": "image",
          "assetId": "ijLGjGc8x1KKXc",
          "checksum": "3187a392b542f88642a2f6b5644dc680"
        },
        {
          "type": "image",
          "assetId": "MSKqJHzL7ft6kJ",
          "checksum": "2f0b734f1569b487e543199a097f435d"
        },
        {
          "type": "image",
          "assetId": "nUrN02W2AMtQtx",
          "checksum": "ffc5e047be7c782ccb0e4e5a9ee7dfe2"
        },
        {
          "type": "image",
          "assetId": "L8yp1Ed1YjtxM9",
          "checksum": "1136e28e4824e881b8444ed00e688664"
        },
        {
          "type": "image",
          "assetId": "5JkL2QbkO84C0h",
          "checksum": "fd9a89c24bed97167e4d332897e4e5c3"
        },
        {
          "type": "image",
          "assetId": "vH8qGBcdPN-wc3",
          "checksum": "b2634467b723b852f7f6c80af6a9e63d"
        },
        {
          "type": "image",
          "assetId": "tn4z_C0lA0sT_Q",
          "checksum": "0e8807074c2ba92de4f78279b5bd8527"
        },
        {
          "type": "image",
          "assetId": "hr7puIBWDPrt_B",
          "checksum": "1e047325c19ddde5c2a19bc8d5398f39"
        },
        {
          "type": "image",
          "assetId": "nnfm3mYL8ZxYx2",
          "checksum": "2cc4c50677cfcb3f088f9ad97cc38787"
        },
        {
          "type": "image",
          "assetId": "jKC_EVaVZKL8VT",
          "checksum": "54b0117fed18b0177cc18b803d990307"
        },
        {
          "type": "image",
          "assetId": "ke-6djBrva5JKG",
          "checksum": "c93d9bd2b5252623832502c95ce0f8c4"
        },
        {
          "type": "image",
          "assetId": "MmQDzWm0-Q1WfY",
          "checksum": "fac7c83d9a65a65dc452ba095b1892d6"
        },
        {
          "type": "image",
          "assetId": "XB-hK_u4Ltd8b7",
          "checksum": "c082f8b9a8d4fc07d737c1c9882832c9"
        },
        {
          "type": "image",
          "assetId": "3XwkDYSj9ef_7Y",
          "checksum": "6e04ffe0c78a82dee838d43895e3679a"
        },
        {
          "type": "image",
          "assetId": "-RZdpwr1bWi5yr",
          "checksum": "2d0ea904ae1a9d5c35f94cafb6263134"
        },
        {
          "type": "image",
          "assetId": "SDp9BsBBJLRU0I",
          "checksum": "3be08c19bfaa06c670033d36cc2b5dfc"
        },
        {
          "type": "image",
          "assetId": "00VICDTSNNivZB",
          "checksum": "be6751c9a3f2e2aaf0f1541eb87683e1"
        },
        {
          "type": "image",
          "assetId": "GweWJ2X9n3G8OL",
          "checksum": "70f5e31086a925741c93de091fead5c9"
        },
        {
          "type": "image",
          "assetId": "q_JzkzedMGGtj6",
          "checksum": "27b55055fabc3b8d619f7be88d6ed86d"
        },
        {
          "type": "image",
          "assetId": "HIYpqciZnSIz7N",
          "checksum": "424e304503cc0aefa3b4107a196dd4a1"
        },
        {
          "type": "image",
          "assetId": "-Hfe6grtsmIkfJ",
          "checksum": "72f5e40e53454696ea5282a60e4f8084"
        },
        {
          "type": "image",
          "assetId": "8B0J-mC9zC6gnj",
          "checksum": "76eff88e14f25de57d9e5fa4aa3d2cd8"
        },
        {
          "type": "image",
          "assetId": "CIr1QH8FIU13fl",
          "checksum": "8288c11067f87ffe791482883cb41b3d"
        },
        {
          "type": "image",
          "assetId": "nN2gAgFP-7Sboc",
          "checksum": "735e3f63bebff7e3fe57a741e7451237"
        },
        {
          "type": "image",
          "assetId": "bRqplmWUWAjig4",
          "checksum": "2d8d678373c023e27a1b56007f6b9519"
        },
        {
          "type": "image",
          "assetId": "ZF_xfW5Lo17wy1",
          "checksum": "773db0374a68e723ed689143fbf5bf86"
        },
        {
          "type": "image",
          "assetId": "KdCG-NDqStA2fV",
          "checksum": "3dc34f76d0388387062245bf0aeb961c"
        },
        {
          "type": "image",
          "assetId": "JVmSx27y06Q0_n",
          "checksum": "a5d9877ca08077cc2948c969a17514dc"
        },
        {
          "type": "image",
          "assetId": "Rirbkq6xcNMA9O",
          "checksum": "3e7e25d92de3aae646cb9b7c24b56561"
        },
        {
          "type": "image",
          "assetId": "tR_S8r6bzsqYTR",
          "checksum": "6f70ec17826352c6c05aaef17d3b476e"
        },
        {
          "type": "image",
          "assetId": "mcqdppkMZKX3Gg",
          "checksum": "3226d2d5933e2d8ce89de3b49ba71109"
        },
        {
          "type": "image",
          "assetId": "wlY7v0pc1o_Zl-",
          "checksum": "6539bf280c0b61c0a5265a86c5a990e6"
        },
        {
          "type": "image",
          "assetId": "5kJBnpvvHrAJrd",
          "checksum": "55ac6c05db76d8113006bfeb9c81c897"
        },
        {
          "type": "image",
          "assetId": "y3AB3DEfL_93F1",
          "checksum": "cdaa21c25440e27997937a184dd0f6e4"
        },
        {
          "type": "image",
          "assetId": "6to53-qIue3HrR",
          "checksum": "8ba4c7a93db5a48383159a07f80f5061"
        },
        {
          "type": "image",
          "assetId": "R9FApDbBrTc_fs",
          "checksum": "8ac03e439b51d61b023d4aae6d6d3688"
        },
        {
          "type": "image",
          "assetId": "jLmje2yYOL0bRq",
          "checksum": "486bcfad75759f84bc53a3dff072b043"
        },
        {
          "type": "image",
          "assetId": "fW3Hcd-HtmhTkV",
          "checksum": "358f33c4bf7ff281b4e15b2f2eaffa0a"
        },
        {
          "type": "image",
          "assetId": "FPyKZIleU5KvTs",
          "checksum": "0ea3004412ea2204cbade9f38621f252"
        },
        {
          "type": "image",
          "assetId": "Dvh1Wj1hgdeEUd",
          "checksum": "7ac2e31074100c42e44e824661f90aa8"
        },
        {
          "type": "image",
          "assetId": "DwuMYlqUu34Qv9",
          "checksum": "3473f312fe28b449d765b84d2fdd0cc5"
        },
        {
          "type": "image",
          "assetId": "3BpcnkpQ5aLg4b",
          "checksum": "d66181d88dfb94b8bcbcf1796b66b2df"
        },
        {
          "type": "image",
          "assetId": "OjK7vDAmdl7q1G",
          "checksum": "568962cfcb122b9fdf6818133c235e28"
        },
        {
          "type": "image",
          "assetId": "gqQzd75-0ySzR8",
          "checksum": "e8ee23a646f5a1c98ac361e6c2fea7db"
        },
        {
          "type": "image",
          "assetId": "FNgWwlnh_dfEpj",
          "checksum": "1b962ee97cb1b015a892c5a6af1689b6"
        },
        {
          "type": "image",
          "assetId": "LU8ncClWfWD84F",
          "checksum": "ec995e424256ec07a965aa632a4c6106"
        },
        {
          "type": "image",
          "assetId": "7GQ2QwaaDO51NA",
          "checksum": "0ef95d10acc9ed4acfe625a0106634d2"
        },
        {
          "type": "image",
          "assetId": "XrHCU5BnFVnWCj",
          "checksum": "fcb69990822c21528edd4986164a0f82"
        },
        {
          "type": "image",
          "assetId": "hG0VpX4HA7IYTE",
          "checksum": "da809927dd1ea15a9f56d9f5c834aee4"
        },
        {
          "type": "image",
          "assetId": "j5UuC5xQ4zS3Es",
          "checksum": "ef009112a456f64956d0c3e2ebcd106d"
        },
        {
          "type": "image",
          "assetId": "3xq-GNEe9M3MHJ",
          "checksum": "bd0c02bdce9da6faf95922adf817b3e5"
        },
        {
          "type": "image",
          "assetId": "_ZnuWa5hUB9QYl",
          "checksum": "61d5edd004a27710bd9549b9e695de69"
        },
        {
          "type": "image",
          "assetId": "feIdpuaGmBZztt",
          "checksum": "c171c72dfea8f44a70798c2c3151fc24"
        },
        {
          "type": "image",
          "assetId": "UhxQAq4spmCfdW",
          "checksum": "baffab68dbe7fb6a1a97c3b7e886f53a"
        },
        {
          "type": "image",
          "assetId": "Lu94fR3i_AeYGG",
          "checksum": "c0a6b7631bf0d28f33f0023baa9a644f"
        },
        {
          "type": "image",
          "assetId": "qX8lZmpRBTImDg",
          "checksum": "ee3a6dd43e6b692b7178414d9a94ca54"
        },
        {
          "type": "image",
          "assetId": "xbtwknGRZEgscs",
          "checksum": "4a9bce1cf48c9e46969ad580ad1dde0a"
        },
        {
          "type": "image",
          "assetId": "oVloAw-c6kXNFz",
          "checksum": "9a963efa52daebbe0a21d90bcd0a998c"
        },
        {
          "type": "image",
          "assetId": "tzK1py7YXb39IF",
          "checksum": "9818810ef340f86d40711d278853be30"
        },
        {
          "type": "image",
          "assetId": "BiBU6jKStL6nph",
          "checksum": "d5f2c37fba4689544c39989ebaad969b"
        },
        {
          "type": "image",
          "assetId": "OaoeE3u85QljlC",
          "checksum": "bb4af264ad255c0b2c68d17ecd76add0"
        },
        {
          "type": "image",
          "assetId": "XieMIvCRk-mhcs",
          "checksum": "8baa3bb68cd748f988605a94b096e409"
        },
        {
          "type": "image",
          "assetId": "uPqFtiy0oJ7lNJ",
          "checksum": "e51a48af5666e0229d44a16757ff38ca"
        },
        {
          "type": "image",
          "assetId": "0nJEWaX7oVeDMN",
          "checksum": "fe69b0858d6092a7fe1b310e0baccf54"
        },
        {
          "assetId": "marRSFqQwX6qmgsS5vTWj",
          "type": "projectCss",
          "checksum": "d787aea137e86eacd466045e447d3d7a"
        }
      ],
      "codegenVersion": "0.0.1"
    }
  ],
  "cliVersion": "0.1.183"
}
